
Microsoft Visual Studio Solution File, Format Version 12.00
# Visual Studio Version 17
VisualStudioVersion = 17.11.35219.272
MinimumVisualStudioVersion = 10.0.40219.1
Project("{FAE04EC0-301F-11D3-BF4B-00C04F79EFBC}") = "InventoryOrderManagement", "InventoryOrderManagement\InventoryOrderManagement.csproj", "{28971115-34CE-4BA1-91A1-3A48F1375502}"
EndProject
Project("{FAE04EC0-301F-11D3-BF4B-00C04F79EFBC}") = "InventoryOrderManagement.DTO", "InventoryOrderManagement.DTO\InventoryOrderManagement.DTO.csproj", "{BBA4C2C8-191B-4ACE-95DD-08D780CDBE36}"
EndProject
Project("{FAE04EC0-301F-11D3-BF4B-00C04F79EFBC}") = "InventoryOrderManagement.AggregateRoot", "InventoryOrderManagement.AggregateRoot\InventoryOrderManagement.AggregateRoot.csproj", "{6E95EE47-C2D9-4397-A61B-2791332C51C4}"
EndProject
Project("{FAE04EC0-301F-11D3-BF4B-00C04F79EFBC}") = "InventoryOrderManagement.Repository", "InventoryOrderManagement.Repository\InventoryOrderManagement.Repository.csproj", "{99FC719F-B771-4662-BCC2-612848236351}"
EndProject
Project("{FAE04EC0-301F-11D3-BF4B-00C04F79EFBC}") = "InventoryOrderManagement.Handler", "InventoryOrderManagement.Handler\InventoryOrderManagement.Handler.csproj", "{11596B95-1CE5-4068-A3F6-78F50C2FF3E7}"
EndProject
Global
	GlobalSection(SolutionConfigurationPlatforms) = preSolution
		Debug|Any CPU = Debug|Any CPU
		Release|Any CPU = Release|Any CPU
	EndGlobalSection
	GlobalSection(ProjectConfigurationPlatforms) = postSolution
		{28971115-34CE-4BA1-91A1-3A48F1375502}.Debug|Any CPU.ActiveCfg = Debug|Any CPU
		{28971115-34CE-4BA1-91A1-3A48F1375502}.Debug|Any CPU.Build.0 = Debug|Any CPU
		{28971115-34CE-4BA1-91A1-3A48F1375502}.Release|Any CPU.ActiveCfg = Release|Any CPU
		{28971115-34CE-4BA1-91A1-3A48F1375502}.Release|Any CPU.Build.0 = Release|Any CPU
		{BBA4C2C8-191B-4ACE-95DD-08D780CDBE36}.Debug|Any CPU.ActiveCfg = Debug|Any CPU
		{BBA4C2C8-191B-4ACE-95DD-08D780CDBE36}.Debug|Any CPU.Build.0 = Debug|Any CPU
		{BBA4C2C8-191B-4ACE-95DD-08D780CDBE36}.Release|Any CPU.ActiveCfg = Release|Any CPU
		{BBA4C2C8-191B-4ACE-95DD-08D780CDBE36}.Release|Any CPU.Build.0 = Release|Any CPU
		{6E95EE47-C2D9-4397-A61B-2791332C51C4}.Debug|Any CPU.ActiveCfg = Debug|Any CPU
		{6E95EE47-C2D9-4397-A61B-2791332C51C4}.Debug|Any CPU.Build.0 = Debug|Any CPU
		{6E95EE47-C2D9-4397-A61B-2791332C51C4}.Release|Any CPU.ActiveCfg = Release|Any CPU
		{6E95EE47-C2D9-4397-A61B-2791332C51C4}.Release|Any CPU.Build.0 = Release|Any CPU
		{99FC719F-B771-4662-BCC2-612848236351}.Debug|Any CPU.ActiveCfg = Debug|Any CPU
		{99FC719F-B771-4662-BCC2-612848236351}.Debug|Any CPU.Build.0 = Debug|Any CPU
		{99FC719F-B771-4662-BCC2-612848236351}.Release|Any CPU.ActiveCfg = Release|Any CPU
		{99FC719F-B771-4662-BCC2-612848236351}.Release|Any CPU.Build.0 = Release|Any CPU
		{11596B95-1CE5-4068-A3F6-78F50C2FF3E7}.Debug|Any CPU.ActiveCfg = Debug|Any CPU
		{11596B95-1CE5-4068-A3F6-78F50C2FF3E7}.Debug|Any CPU.Build.0 = Debug|Any CPU
		{11596B95-1CE5-4068-A3F6-78F50C2FF3E7}.Release|Any CPU.ActiveCfg = Release|Any CPU
		{11596B95-1CE5-4068-A3F6-78F50C2FF3E7}.Release|Any CPU.Build.0 = Release|Any CPU
	EndGlobalSection
	GlobalSection(SolutionProperties) = preSolution
		HideSolutionNode = FALSE
	EndGlobalSection
	GlobalSection(ExtensibilityGlobals) = postSolution
		SolutionGuid = {4E666AA8-734D-4779-9D79-A9EF5CE0C1EC}
	EndGlobalSection
EndGlobal
